
Microsoft Visual Studio Solution File, Format Version 12.00
# Visual Studio Version 16
VisualStudioVersion = 16.0.29424.173
MinimumVisualStudioVersion = 10.0.40219.1
Project("{8BC9CEB8-8B4A-11D0-8D11-00A0C91BC942}") = "Othero", "Othero\Othero.vcxproj", "{82D51916-AC57-448A-BE0E-E7DA3E9E0ADE}"
EndProject
Global
	GlobalSection(SolutionConfigurationPlatforms) = preSolution
		Debug|x64 = Debug|x64
		Release|x64 = Release|x64
	EndGlobalSection
	GlobalSection(ProjectConfigurationPlatforms) = postSolution
		{82D51916-AC57-448A-BE0E-E7DA3E9E0ADE}.Debug|x64.ActiveCfg = Debug|x64
		{82D51916-AC57-448A-BE0E-E7DA3E9E0ADE}.Debug|x64.Build.0 = Debug|x64
		{82D51916-AC57-448A-BE0E-E7DA3E9E0ADE}.Release|x64.ActiveCfg = Release|x64
		{82D51916-AC57-448A-BE0E-E7DA3E9E0ADE}.Release|x64.Build.0 = Release|x64
	EndGlobalSection
	GlobalSection(SolutionProperties) = preSolution
		HideSolutionNode = FALSE
	EndGlobalSection
	GlobalSection(ExtensibilityGlobals) = postSolution
		SolutionGuid = {682EBA34-9588-4040-947B-F012FFAE584E}
	EndGlobalSection
EndGlobal
